
Microsoft Visual Studio Solution File, Format Version 12.00
# Visual Studio Version 17
VisualStudioVersion = 17.6.33815.320
MinimumVisualStudioVersion = 10.0.40219.1
Project("{9A19103F-16F7-4668-BE54-9A1E7A4F7556}") = "Farmacia", "Farmacia\Farmacia.csproj", "{30E19878-B1D7-46EA-8CFA-1FEC6B6CCD49}"
EndProject
Global
	GlobalSection(SolutionConfigurationPlatforms) = preSolution
		Debug|Any CPU = Debug|Any CPU
		Release|Any CPU = Release|Any CPU
	EndGlobalSection
	GlobalSection(ProjectConfigurationPlatforms) = postSolution
		{30E19878-B1D7-46EA-8CFA-1FEC6B6CCD49}.Debug|Any CPU.ActiveCfg = Debug|Any CPU
		{30E19878-B1D7-46EA-8CFA-1FEC6B6CCD49}.Debug|Any CPU.Build.0 = Debug|Any CPU
		{30E19878-B1D7-46EA-8CFA-1FEC6B6CCD49}.Release|Any CPU.ActiveCfg = Release|Any CPU
		{30E19878-B1D7-46EA-8CFA-1FEC6B6CCD49}.Release|Any CPU.Build.0 = Release|Any CPU
	EndGlobalSection
	GlobalSection(SolutionProperties) = preSolution
		HideSolutionNode = FALSE
	EndGlobalSection
	GlobalSection(ExtensibilityGlobals) = postSolution
		SolutionGuid = {CFE5B068-0863-4D5A-8240-3E948FFF0C8B}
	EndGlobalSection
EndGlobal
